
Microsoft Visual Studio Solution File, Format Version 12.00
# Visual Studio Version 17
VisualStudioVersion = 17.14.36221.1 d17.14
MinimumVisualStudioVersion = 10.0.40219.1
Project("{FAE04EC0-301F-11D3-BF4B-00C04F79EFBC}") = "API", "API\API.csproj", "{EA2B8AFB-6FB9-4CBA-8792-0338F746DAC7}"
EndProject
Project("{2150E333-8FDC-42A3-9474-1A3956D46DE8}") = "1.WEB", "1.WEB", "{02EA681E-C7D8-13C7-8484-4AC65E1B71E8}"
EndProject
Project("{2150E333-8FDC-42A3-9474-1A3956D46DE8}") = "2.SERVICES", "2.SERVICES", "{334B6FF4-4F13-4F13-8D9E-F5C338AE69E5}"
EndProject
Project("{2150E333-8FDC-42A3-9474-1A3956D46DE8}") = "3.REPOSITORY", "3.REPOSITORY", "{FA6FE057-026A-40AD-8C32-B2815AA1E7BA}"
EndProject
Project("{2150E333-8FDC-42A3-9474-1A3956D46DE8}") = "4.CORE", "4.CORE", "{2C6AA347-5B3F-4AC7-81EE-876611684B10}"
EndProject
Project("{FAE04EC0-301F-11D3-BF4B-00C04F79EFBC}") = "Contract.Services", "Contract.Services\Contract.Services.csproj", "{EEF608F2-D3E5-47EB-8A91-B202F3DCDE93}"
EndProject
Project("{FAE04EC0-301F-11D3-BF4B-00C04F79EFBC}") = "Core", "Core\Core.csproj", "{F664F8A2-86F6-4B42-9890-0B984CAC7284}"
EndProject
Project("{FAE04EC0-301F-11D3-BF4B-00C04F79EFBC}") = "Services", "Services\Services.csproj", "{B7C779AB-8697-44C1-B660-FB519966738B}"
EndProject
Project("{FAE04EC0-301F-11D3-BF4B-00C04F79EFBC}") = "Contract.Repositories", "Contract.Repositories\Contract.Repositories.csproj", "{89A30CB2-E2B9-4F55-964F-45E047664740}"
EndProject
Project("{FAE04EC0-301F-11D3-BF4B-00C04F79EFBC}") = "Repositories", "Repositories\Repositories.csproj", "{092E1D3E-F589-4F8E-9B9C-2AB746984E67}"
EndProject
Project("{FAE04EC0-301F-11D3-BF4B-00C04F79EFBC}") = "ModelViews", "ModelViews\ModelViews.csproj", "{DFE48830-D7DF-4011-9240-48D3E94C33C9}"
EndProject
Global
	GlobalSection(SolutionConfigurationPlatforms) = preSolution
		Debug|Any CPU = Debug|Any CPU
		Release|Any CPU = Release|Any CPU
	EndGlobalSection
	GlobalSection(ProjectConfigurationPlatforms) = postSolution
		{EA2B8AFB-6FB9-4CBA-8792-0338F746DAC7}.Debug|Any CPU.ActiveCfg = Debug|Any CPU
		{EA2B8AFB-6FB9-4CBA-8792-0338F746DAC7}.Debug|Any CPU.Build.0 = Debug|Any CPU
		{EA2B8AFB-6FB9-4CBA-8792-0338F746DAC7}.Release|Any CPU.ActiveCfg = Release|Any CPU
		{EA2B8AFB-6FB9-4CBA-8792-0338F746DAC7}.Release|Any CPU.Build.0 = Release|Any CPU
		{EEF608F2-D3E5-47EB-8A91-B202F3DCDE93}.Debug|Any CPU.ActiveCfg = Debug|Any CPU
		{EEF608F2-D3E5-47EB-8A91-B202F3DCDE93}.Debug|Any CPU.Build.0 = Debug|Any CPU
		{EEF608F2-D3E5-47EB-8A91-B202F3DCDE93}.Release|Any CPU.ActiveCfg = Release|Any CPU
		{EEF608F2-D3E5-47EB-8A91-B202F3DCDE93}.Release|Any CPU.Build.0 = Release|Any CPU
		{F664F8A2-86F6-4B42-9890-0B984CAC7284}.Debug|Any CPU.ActiveCfg = Debug|Any CPU
		{F664F8A2-86F6-4B42-9890-0B984CAC7284}.Debug|Any CPU.Build.0 = Debug|Any CPU
		{F664F8A2-86F6-4B42-9890-0B984CAC7284}.Release|Any CPU.ActiveCfg = Release|Any CPU
		{F664F8A2-86F6-4B42-9890-0B984CAC7284}.Release|Any CPU.Build.0 = Release|Any CPU
		{B7C779AB-8697-44C1-B660-FB519966738B}.Debug|Any CPU.ActiveCfg = Debug|Any CPU
		{B7C779AB-8697-44C1-B660-FB519966738B}.Debug|Any CPU.Build.0 = Debug|Any CPU
		{B7C779AB-8697-44C1-B660-FB519966738B}.Release|Any CPU.ActiveCfg = Release|Any CPU
		{B7C779AB-8697-44C1-B660-FB519966738B}.Release|Any CPU.Build.0 = Release|Any CPU
		{89A30CB2-E2B9-4F55-964F-45E047664740}.Debug|Any CPU.ActiveCfg = Debug|Any CPU
		{89A30CB2-E2B9-4F55-964F-45E047664740}.Debug|Any CPU.Build.0 = Debug|Any CPU
		{89A30CB2-E2B9-4F55-964F-45E047664740}.Release|Any CPU.ActiveCfg = Release|Any CPU
		{89A30CB2-E2B9-4F55-964F-45E047664740}.Release|Any CPU.Build.0 = Release|Any CPU
		{092E1D3E-F589-4F8E-9B9C-2AB746984E67}.Debug|Any CPU.ActiveCfg = Debug|Any CPU
		{092E1D3E-F589-4F8E-9B9C-2AB746984E67}.Debug|Any CPU.Build.0 = Debug|Any CPU
		{092E1D3E-F589-4F8E-9B9C-2AB746984E67}.Release|Any CPU.ActiveCfg = Release|Any CPU
		{092E1D3E-F589-4F8E-9B9C-2AB746984E67}.Release|Any CPU.Build.0 = Release|Any CPU
		{DFE48830-D7DF-4011-9240-48D3E94C33C9}.Debug|Any CPU.ActiveCfg = Debug|Any CPU
		{DFE48830-D7DF-4011-9240-48D3E94C33C9}.Debug|Any CPU.Build.0 = Debug|Any CPU
		{DFE48830-D7DF-4011-9240-48D3E94C33C9}.Release|Any CPU.ActiveCfg = Release|Any CPU
		{DFE48830-D7DF-4011-9240-48D3E94C33C9}.Release|Any CPU.Build.0 = Release|Any CPU
	EndGlobalSection
	GlobalSection(SolutionProperties) = preSolution
		HideSolutionNode = FALSE
	EndGlobalSection
	GlobalSection(NestedProjects) = preSolution
		{EA2B8AFB-6FB9-4CBA-8792-0338F746DAC7} = {02EA681E-C7D8-13C7-8484-4AC65E1B71E8}
		{EEF608F2-D3E5-47EB-8A91-B202F3DCDE93} = {334B6FF4-4F13-4F13-8D9E-F5C338AE69E5}
		{F664F8A2-86F6-4B42-9890-0B984CAC7284} = {2C6AA347-5B3F-4AC7-81EE-876611684B10}
		{B7C779AB-8697-44C1-B660-FB519966738B} = {334B6FF4-4F13-4F13-8D9E-F5C338AE69E5}
		{89A30CB2-E2B9-4F55-964F-45E047664740} = {FA6FE057-026A-40AD-8C32-B2815AA1E7BA}
		{092E1D3E-F589-4F8E-9B9C-2AB746984E67} = {FA6FE057-026A-40AD-8C32-B2815AA1E7BA}
		{DFE48830-D7DF-4011-9240-48D3E94C33C9} = {FA6FE057-026A-40AD-8C32-B2815AA1E7BA}
	EndGlobalSection
	GlobalSection(ExtensibilityGlobals) = postSolution
		SolutionGuid = {34A3E797-27DE-4DC6-8066-206E5F3D7684}
	EndGlobalSection
EndGlobal
